
Microsoft Visual Studio Solution File, Format Version 12.00
# Visual Studio Version 17
VisualStudioVersion = 17.6.33723.286
MinimumVisualStudioVersion = 10.0.40219.1
Project("{8BC9CEB8-8B4A-11D0-8D11-00A0C91BC942}") = "kcrypt", "kcrypt\kcrypt.vcxproj", "{6150F68E-38EE-4142-A4E9-EAAD1E218A68}"
EndProject
Global
	GlobalSection(SolutionConfigurationPlatforms) = preSolution
		Debug|x64 = Debug|x64
		Release|x64 = Release|x64
	EndGlobalSection
	GlobalSection(ProjectConfigurationPlatforms) = postSolution
		{6150F68E-38EE-4142-A4E9-EAAD1E218A68}.Debug|x64.ActiveCfg = Debug|x64
		{6150F68E-38EE-4142-A4E9-EAAD1E218A68}.Debug|x64.Build.0 = Debug|x64
		{6150F68E-38EE-4142-A4E9-EAAD1E218A68}.Debug|x64.Deploy.0 = Debug|x64
		{6150F68E-38EE-4142-A4E9-EAAD1E218A68}.Release|x64.ActiveCfg = Release|x64
		{6150F68E-38EE-4142-A4E9-EAAD1E218A68}.Release|x64.Build.0 = Release|x64
		{6150F68E-38EE-4142-A4E9-EAAD1E218A68}.Release|x64.Deploy.0 = Release|x64
	EndGlobalSection
	GlobalSection(SolutionProperties) = preSolution
		HideSolutionNode = FALSE
	EndGlobalSection
	GlobalSection(ExtensibilityGlobals) = postSolution
		SolutionGuid = {9CB6BD4B-8347-4E9C-BD45-5546184EDFAB}
	EndGlobalSection
EndGlobal
